{
    "_meta": {
        "hash": {
            "sha256": "4984de83ef6b80642862ba32b7d8556c1aa22dc5ffc04d6cd82a68194c0b9003"
        },
        "pipfile-spec": 6,
        "requires": {
            "python_full_version": "3.8.10",
            "python_version": "3.8"
        },
        "sources": [
            {
                "name": "pypi",
                "url": "https://pypi.org/simple",
                "verify_ssl": true
            }
        ]
    },
    "default": {
        "asgiref": {
            "hashes": [
                "sha256:89b2ef2247e3b562a16eef663bc0e2e703ec6468e2fa8a5cd61cd449786d4f6e",
                "sha256:9e0ce3aa93a819ba5b45120216b23878cf6e8525eb3848653452b4192b92afed"
            ],
            "markers": "python_version >= '3.7'",
            "version": "==3.7.2"
        },
        "attrs": {
            "hashes": [
                "sha256:1f28b4522cdc2fb4256ac1a020c78acf9cba2c6b461ccd2c126f3aa8e8335d04",
                "sha256:6279836d581513a26f1bf235f9acd333bc9115683f14f7e8fae46c98fc50e015"
            ],
            "markers": "python_version >= '3.7'",
            "version": "==23.1.0"
        },
        "backports.zoneinfo": {
            "hashes": [
                "sha256:17746bd546106fa389c51dbea67c8b7c8f0d14b5526a579ca6ccf5ed72c526cf",
                "sha256:1b13e654a55cd45672cb54ed12148cd33628f672548f373963b0bff67b217328",
                "sha256:1c5742112073a563c81f786e77514969acb58649bcdf6cdf0b4ed31a348d4546",
                "sha256:4a0f800587060bf8880f954dbef70de6c11bbe59c673c3d818921f042f9954a6",
                "sha256:5c144945a7752ca544b4b78c8c41544cdfaf9786f25fe5ffb10e838e19a27570",
                "sha256:7b0a64cda4145548fed9efc10322770f929b944ce5cee6c0dfe0c87bf4c0c8c9",
                "sha256:8439c030a11780786a2002261569bdf362264f605dfa4d65090b64b05c9f79a7",
                "sha256:8961c0f32cd0336fb8e8ead11a1f8cd99ec07145ec2931122faaac1c8f7fd987",
                "sha256:89a48c0d158a3cc3f654da4c2de1ceba85263fafb861b98b59040a5086259722",
                "sha256:a76b38c52400b762e48131494ba26be363491ac4f9a04c1b7e92483d169f6582",
                "sha256:da6013fd84a690242c310d77ddb8441a559e9cb3d3d59ebac9aca1a57b2e18bc",
                "sha256:e55b384612d93be96506932a786bbcde5a2db7a9e6a4bb4bffe8b733f5b9036b",
                "sha256:e81b76cace8eda1fca50e345242ba977f9be6ae3945af8d46326d776b4cf78d1",
                "sha256:e8236383a20872c0cdf5a62b554b27538db7fa1bbec52429d8d106effbaeca08",
                "sha256:f04e857b59d9d1ccc39ce2da1021d196e47234873820cbeaad210724b1ee28ac",
                "sha256:fadbfe37f74051d024037f223b8e001611eac868b5c5b06144ef4d8b799862f2"
            ],
            "markers": "python_version < '3.9'",
            "version": "==0.2.1"
        },
        "django": {
            "hashes": [
                "sha256:45a747e1c5b3d6df1b141b1481e193b033fd1fdbda3ff52677dc81afdaacbaed",
                "sha256:f7c7852a5ac5a3da5a8d5b35cc6168f31b605971441798dac845f17ca8028039"
            ],
            "index": "pypi",
            "version": "==4.2.3"
        },
        "djangorestframework": {
            "hashes": [
                "sha256:579a333e6256b09489cbe0a067e66abe55c6595d8926be6b99423786334350c8",
                "sha256:eb63f58c9f218e1a7d064d17a70751f528ed4e1d35547fdade9aaf4cd103fd08"
            ],
            "markers": "python_version >= '3.6'",
            "version": "==3.14.0"
        },
        "djangorestframework-simplejwt": {
            "hashes": [
                "sha256:4c0d2e2513e12587d93501ac091781684a216c3ee614eb3b5a10586aef5ca845",
                "sha256:d27d4bcac2c6394f678dea8b4d0d511c6e18a7f2eb8aaeeb8a7de601aeb77c42"
            ],
            "index": "pypi",
            "version": "==5.2.2"
        },
        "drf-spectacular": {
            "hashes": [
                "sha256:1d84ac70522baaadd6d84a25ce5fe5ea50cfcba0387856689f98ac536f14aa32",
                "sha256:b907a72a0244e5dcfeca625e9632cd8ebccdbe2cb528b7c1de1191708be6f31e"
            ],
            "index": "pypi",
            "version": "==0.26.3"
        },
        "importlib-resources": {
            "hashes": [
                "sha256:4cf94875a8368bd89531a756df9a9ebe1f150e0f885030b461237bc7f2d905f2",
                "sha256:d952faee11004c045f785bb5636e8f885bed30dc3c940d5d42798a2a4541c185"
            ],
            "markers": "python_version < '3.9'",
            "version": "==6.0.0"
        },
        "inflection": {
            "hashes": [
                "sha256:1a29730d366e996aaacffb2f1f1cb9593dc38e2ddd30c91250c6dde09ea9b417",
                "sha256:f38b2b640938a4f35ade69ac3d053042959b62a0f1076a5bbaa1b9526605a8a2"
            ],
            "markers": "python_version >= '3.5'",
            "version": "==0.5.1"
        },
        "jsonschema": {
            "hashes": [
                "sha256:64b7104d72efe856bea49ca4af37a14a9eba31b40bb7238179f3803130fd34d9",
                "sha256:aab78b34c2de001c6b692232f08c21a97b436fe18e0b817bf0511046924fceef"
            ],
            "markers": "python_version >= '3.8'",
            "version": "==4.18.3"
        },
        "jsonschema-specifications": {
            "hashes": [
                "sha256:3d2b82663aff01815f744bb5c7887e2121a63399b49b104a3c96145474d091d7",
                "sha256:ca1c4dd059a9e7b34101cf5b3ab7ff1d18b139f35950d598d629837ef66e8f28"
            ],
            "markers": "python_version >= '3.8'",
            "version": "==2023.6.1"
        },
        "pkgutil-resolve-name": {
            "hashes": [
                "sha256:357d6c9e6a755653cfd78893817c0853af365dd51ec97f3d358a819373bbd174",
                "sha256:ca27cc078d25c5ad71a9de0a7a330146c4e014c2462d9af19c6b828280649c5e"
            ],
            "markers": "python_version < '3.9'",
            "version": "==1.3.10"
        },
        "pyjwt": {
            "hashes": [
                "sha256:ba2b425b15ad5ef12f200dc67dd56af4e26de2331f965c5439994dad075876e1",
                "sha256:bd6ca4a3c4285c1a2d4349e5a035fdf8fb94e04ccd0fcbe6ba289dae9cc3e074"
            ],
            "markers": "python_version >= '3.7'",
            "version": "==2.7.0"
        },
        "pytz": {
            "hashes": [
                "sha256:1d8ce29db189191fb55338ee6d0387d82ab59f3d00eac103412d64e0ebd0c588",
                "sha256:a151b3abb88eda1d4e34a9814df37de2a80e301e68ba0fd856fb9b46bfbbbffb"
            ],
            "version": "==2023.3"
        },
        "pyyaml": {
            "hashes": [
                "sha256:01b45c0191e6d66c470b6cf1b9531a771a83c1c4208272ead47a3ae4f2f603bf",
                "sha256:0283c35a6a9fbf047493e3a0ce8d79ef5030852c51e9d911a27badfde0605293",
                "sha256:055d937d65826939cb044fc8c9b08889e8c743fdc6a32b33e2390f66013e449b",
                "sha256:07751360502caac1c067a8132d150cf3d61339af5691fe9e87803040dbc5db57",
                "sha256:0b4624f379dab24d3725ffde76559cff63d9ec94e1736b556dacdfebe5ab6d4b",
                "sha256:0ce82d761c532fe4ec3f87fc45688bdd3a4c1dc5e0b4a19814b9009a29baefd4",
                "sha256:1e4747bc279b4f613a09eb64bba2ba602d8a6664c6ce6396a4d0cd413a50ce07",
                "sha256:213c60cd50106436cc818accf5baa1aba61c0189ff610f64f4a3e8c6726218ba",
                "sha256:231710d57adfd809ef5d34183b8ed1eeae3f76459c18fb4a0b373ad56bedcdd9",
                "sha256:277a0ef2981ca40581a47093e9e2d13b3f1fbbeffae064c1d21bfceba2030287",
                "sha256:2cd5df3de48857ed0544b34e2d40e9fac445930039f3cfe4bcc592a1f836d513",
                "sha256:40527857252b61eacd1d9af500c3337ba8deb8fc298940291486c465c8b46ec0",
                "sha256:432557aa2c09802be39460360ddffd48156e30721f5e8d917f01d31694216782",
                "sha256:473f9edb243cb1935ab5a084eb238d842fb8f404ed2193a915d1784b5a6b5fc0",
                "sha256:48c346915c114f5fdb3ead70312bd042a953a8ce5c7106d5bfb1a5254e47da92",
                "sha256:50602afada6d6cbfad699b0c7bb50d5ccffa7e46a3d738092afddc1f9758427f",
                "sha256:68fb519c14306fec9720a2a5b45bc9f0c8d1b9c72adf45c37baedfcd949c35a2",
                "sha256:77f396e6ef4c73fdc33a9157446466f1cff553d979bd00ecb64385760c6babdc",
                "sha256:81957921f441d50af23654aa6c5e5eaf9b06aba7f0a19c18a538dc7ef291c5a1",
                "sha256:819b3830a1543db06c4d4b865e70ded25be52a2e0631ccd2f6a47a2822f2fd7c",
                "sha256:897b80890765f037df3403d22bab41627ca8811ae55e9a722fd0392850ec4d86",
                "sha256:98c4d36e99714e55cfbaaee6dd5badbc9a1ec339ebfc3b1f52e293aee6bb71a4",
                "sha256:9df7ed3b3d2e0ecfe09e14741b857df43adb5a3ddadc919a2d94fbdf78fea53c",
                "sha256:9fa600030013c4de8165339db93d182b9431076eb98eb40ee068700c9c813e34",
                "sha256:a80a78046a72361de73f8f395f1f1e49f956c6be882eed58505a15f3e430962b",
                "sha256:afa17f5bc4d1b10afd4466fd3a44dc0e245382deca5b3c353d8b757f9e3ecb8d",
                "sha256:b3d267842bf12586ba6c734f89d1f5b871df0273157918b0ccefa29deb05c21c",
                "sha256:b5b9eccad747aabaaffbc6064800670f0c297e52c12754eb1d976c57e4f74dcb",
                "sha256:bfaef573a63ba8923503d27530362590ff4f576c626d86a9fed95822a8255fd7",
                "sha256:c5687b8d43cf58545ade1fe3e055f70eac7a5a1a0bf42824308d868289a95737",
                "sha256:cba8c411ef271aa037d7357a2bc8f9ee8b58b9965831d9e51baf703280dc73d3",
                "sha256:d15a181d1ecd0d4270dc32edb46f7cb7733c7c508857278d3d378d14d606db2d",
                "sha256:d4b0ba9512519522b118090257be113b9468d804b19d63c71dbcf4a48fa32358",
                "sha256:d4db7c7aef085872ef65a8fd7d6d09a14ae91f691dec3e87ee5ee0539d516f53",
                "sha256:d4eccecf9adf6fbcc6861a38015c2a64f38b9d94838ac1810a9023a0609e1b78",
                "sha256:d67d839ede4ed1b28a4e8909735fc992a923cdb84e618544973d7dfc71540803",
                "sha256:daf496c58a8c52083df09b80c860005194014c3698698d1a57cbcfa182142a3a",
                "sha256:dbad0e9d368bb989f4515da330b88a057617d16b6a8245084f1b05400f24609f",
                "sha256:e61ceaab6f49fb8bdfaa0f92c4b57bcfbea54c09277b1b4f7ac376bfb7a7c174",
                "sha256:f84fbc98b019fef2ee9a1cb3ce93e3187a6df0b2538a651bfb890254ba9f90b5"
            ],
            "index": "pypi",
            "version": "==6.0"
        },
        "referencing": {
            "hashes": [
                "sha256:90cb53782d550ba28d2166ef3f55731f38397def8832baac5d45235f1995e35e",
                "sha256:d3c8f323ee1480095da44d55917cfb8278d73d6b4d5f677e3e40eb21314ac67f"
            ],
            "markers": "python_version >= '3.8'",
            "version": "==0.29.1"
        },
        "rpds-py": {
            "hashes": [
                "sha256:018b2820e01fe1bbcfb7ecb9d8e42beda2d5e8c68dddb8331085c069496ee7b4",
                "sha256:05d7fba86f453e68e8c08b1db6c7462fff8f4773e190b11a2b841b090abf67ff",
                "sha256:07a485449b0f4819a6aaa6d8e290841239eed2fff1e3065a45a437da597bdb14",
                "sha256:07a87f9d4be317d567422553f3a5b54bb068f5c28e7271e04914c011c373b5f6",
                "sha256:0af4dad7ffaa29ca1fd048b667a1b3db46ce1353f01d606b3d03d18649adab5a",
                "sha256:0ea0c01d22aae66b4fd3e3ead0abbe6a6bace032441c281687906ab723e7b00a",
                "sha256:0ee7d4acb2cb1ccda55db9cf2087b7ed3f38175228feddd63a3c334c786e8248",
                "sha256:18667ccf333fc615a63203be08262ce58c2bdf135c9c2fa245556f5d20d14028",
                "sha256:1906f35d7becb01b10b1feb0906a7c5d4634dc70ba2ef92e664c6001658d36f0",
                "sha256:1a49829d460f6b089c245de3e69b2b22c5ec783e53e70a4116b8cc3cf490047c",
                "sha256:1af977101487862222be5f526cd9921a2070805acedc9b46cf4268d5dc8a915b",
                "sha256:1b5546bc4c2c0c0d71859f6db1f150634d481252b40842157aff5a082a5dd999",
                "sha256:1b56e340ef68f12566e4094df317b1afc62e93db236916a2c653c1ace0c06d50",
                "sha256:26da604ae094924ad522a083d90cf030c9578a1b9611cdecd19d689a645d042d",
                "sha256:2708cb3df058446c9aaee8213ad472cbf6be798fa05baf81e2b1b0b67abadfa2",
                "sha256:2a7eb90d7df5a1a268cef733d2798dca39cf63dfb2d296356cd0e938e6c2090d",
                "sha256:2ee70fa6b3151e0da19185802e8bacddc8b24d6bdac5e1c85072acae19ec734a",
                "sha256:3104cd647da83001d608165e0dc0b5747ce8ea12c96d6b83fb2c43fa68135018",
                "sha256:33169a32e8996086f5270de1b51c8fc699aefd5d7a0288f747c7ffd72acc6c83",
                "sha256:364f70d9802ef628c13a04a6636e0bbe7f1a58c2560955da17c7117ed1ee8762",
                "sha256:38208701e09e77c1158b1538c687c5b0a6a894a689bbd1f6eafc5cd31a7cd59d",
                "sha256:3d1830d31db000bec0599665349e026614676432c87aeef98cac970254d4e36f",
                "sha256:3ff2b6d317eea667260c7265977575f49116781e4fcc4973360b84aec24644e3",
                "sha256:4017d2920e8e3f936e6fc3b65e60a655c690c472901f0ff1a8f62ee21c493f19",
                "sha256:41b8c08eef01d6183a942567e2069966d53b826abdd3076e4cabd02cf158b338",
                "sha256:43745fcd13243ba67a4617bfede75bc81c2e990cfac7581b4aa8b7f43ac16b80",
                "sha256:444ea661de45cf0334131904d717254462d8c974d551caac795f4232920bdb47",
                "sha256:45cb51ac40c48cdcaaf873a7a7cb9231e3a3f561c5cc4af6e8ab43bf7601c02a",
                "sha256:47aba4c789842d9e408162d483ba9fa7f681fa996607e935cbdcb3b23b16dab9",
                "sha256:4907793f6186df1ed20a828d8315bfd25376924b92bc8bf7ae27548e498bd567",
                "sha256:4a7b21de1684a2ebbeb2fbd9b03495a9d7787305e46c6ec42c6340fc647e37d5",
                "sha256:4b40fc5904e8053ac9e4f5b0e9af949bc276098f14a46e992ab072a3d706675a",
                "sha256:4e1a12c4a2dc42c74981b39f35ebf8372dc78281ea7d5ded9ef91ed3e6501bce",
                "sha256:53467e07da630e31bcbe741616b2a006c11236e63688ad69324b8f71bf035b8b",
                "sha256:59a3407643acbcf697309b3b7d346f59d9ba4527a2a02a4fc1417766a2e2af8a",
                "sha256:5b3ffee8a0f48cfb6670533463efd0aa529833bfb747e6c7077229e1a253a7c1",
                "sha256:6616eaa330fc925f15bc796efefeb45fb262213422d1274656d062359cf707c0",
                "sha256:67768f54ee4ff5c6811d505d14d22bc5e98b04743a12ee79637e06caec4cc7db",
                "sha256:6d59b7f535c6e9ce10fbdb09e31589fa5aba19e867275578087bd1a243b47b56",
                "sha256:71e47154e72eadd210b204c696b6ab65fd685ea08aabb6e434dc8060220168f3",
                "sha256:760b994c3ddc68e6c5e750484e4c6a687e5b1c2f73d791834feb1ca6a9efc79c",
                "sha256:82a9ff8ec847ffba78087dfcc42e78869d7c19f89f91e838d2ad35e70b00a51f",
                "sha256:888f166b3feb1a19a1d616fe799ad648d1be85586cb49480e4b65c3f6b217d5a",
                "sha256:8a40d5a10a7a6ae5c379f9ac099f55eab9dac4dcfed79b34df37ad84137dc6a7",
                "sha256:8b3b0ff70afe08d5e7a719e69bc48ae4643fa7301cdab642bddbdf014190b651",
                "sha256:8c755419ba9fbcd87a62837b6388456b3684c5efc41df03ac3f4c42229e84459",
                "sha256:8d9b1a38b5f1346c19b6fc5595998435b0327426a6f54597653eb4fe24f737c6",
                "sha256:8e0207dc216dc04b70781c84ddaa198caff01ced30307340cc5878f69ef4bb72",
                "sha256:946c98e168fe2c54335915ed1d82a162257d9943e84af1e8ddc741bdfba78c23",
                "sha256:948ab99c751149a612a3b432d400d5f26819589598eab75e083c3e98858f13b0",
                "sha256:96349901b73c0f21e9eee04b0422ca122772d9b7e71afe0535ce464c0fa046cf",
                "sha256:96628ba384dc07af9df51d8ee0828ed0118b9229d9a78c1b70198313ec621033",
                "sha256:96d247ea2a18e2307e3fd0b3860e1bca847df534d7f4cd2fc3525eaa10c71571",
                "sha256:99a586d7dbad835352d6c3b6c4ae56c9fdffda800c74d2986513a2c514a35c6c",
                "sha256:9c42d44ed2fdf14b5ba3fc1461bc124031de59ee2750642205a55820f81c17ea",
                "sha256:9ec03f7f2c62fd7c8516448ded95c022d83b802a847e1d5c5da30b602f481f5e",
                "sha256:a1cdb85c001a021634ea326c095cc2cf08a287ae55ad1e9376be5ff6e9ab7e30",
                "sha256:a51d5a83213c05fb975dbdedd4406c165c7657eabe92cb1f9441e881bfd17874",
                "sha256:a5acc515aef399ddcfb59d1e6414f8ae9fc559d8068319cad6e4154d2348ea68",
                "sha256:a77de26a65ec87b2ec981b9fc50527e43238f0cc840fec3a8ba9789112a77cad",
                "sha256:aa01d4c2bfb7b6f78d0ac7e5796cdc7dcd93cb74d0f6eefa14f0ce15ffdc287c",
                "sha256:aa9308649feff2acf29057fbc7bc26cfd0482b80060375e12fe2dfae4a6c2eb8",
                "sha256:acdd9d5f39e12a6519a38609a144ccee67d24a9991f21c64d4f92806503a3e1a",
                "sha256:ae19845478ed4f307560b72608e723b5ea1702cb87c1c1479e372d1787203dda",
                "sha256:af1a820a8046bad8e326db5a829057b2eb601127ee33360056158ef7c437460b",
                "sha256:b27d5267d92b2741d4864a463ad9f1c941aa44b6f8dce420bc620946169a1cac",
                "sha256:b47fa4aa6cb0a7e0a09822e7f362a14afd9786d030e8485b92aa10ad13732e34",
                "sha256:b9ece08b4a0df42002ebf9f23e521c74ec924f3d1542254056efc271fe611b91",
                "sha256:bb02e326d3e925d2f22c7ea6db495b59cf81b8e0f9f841d72bc0eab7be59a08c",
                "sha256:be18700d55e63a7cdc9e92a5592196105b8787859f21058f7972989e9c7153a1",
                "sha256:be73e5592a392fcb255d1e161cdfa4e78e0f9d3a9da6d9cf1cb3a2e11d110763",
                "sha256:bfb6a285c9a803540dcf3d1d4dfb99420c8ea0cf5fce89bf89abddd79b630252",
                "sha256:c51adab2bb16850f4bc6ac51c7d753d3f7d08ad6005802bd31e4657873f5c94c",
                "sha256:c63b4add6cb4dc9d2998ab523c259a30b6f1d28651b39a10e0b128abd05544b4",
                "sha256:c83de7177df8d47263494c03670e3b8a8e7b99864c1123c1efb836f6c96755cc",
                "sha256:c988766c3076ca2360ba7b41ed4df903a810e20e84b58fd00878865558dafe6f",
                "sha256:d33d8868898bbbf8f6ae28af8659eb6b182ae1599feb3ef47237c6393366fbc9",
                "sha256:d5843b827d48d16e1f0d2c8e93c62a10cda71f509b5a49947bb61fcb19d7abce",
                "sha256:d744dfc4841022505279a7d33c19247f93570e023c15202b2c32e98f61eeaed3",
                "sha256:d8e9244d1f115f29f14a261b8a03f2d8932a8dc1ff066c5b362df2d56c0e5109",
                "sha256:ddd2fc8b37641d7ac0c6bd085bc6c036b64337a2b7065044c5cc76e74824c36e",
                "sha256:de5ffed29aa4461e269a7567211e730ec20eec0b47a87854639cd69fbe8c3e9f",
                "sha256:e1c542d43857f75209e3f36354ad6846d143cfc0fe71886d661cd9ec5388cdef",
                "sha256:e47f484e7302c804fb002f8a7b9749e4a51a412449b6a39ca31ff23b889d3fc3",
                "sha256:e5e71fffd7ef3716d7df4338432dbd60ca2d81ad2830ff97ed4c6aea563f47d3",
                "sha256:e722759a66aa571c801cec3777412f1172380c5d5761637f22d920893d24d194",
                "sha256:e835aa2c484ac5d8d1b6c2efefbbbf1bbe2f48ed8adec9c42d6f2df2eb07f93d",
                "sha256:ea3d22795f09e8cd4c4ac5ff2fe50fa32bd01fa2b48ac5d46479082325d40680",
                "sha256:ef29fa64514a17bbc104693acf094e3fef5e98c2ddf58e9777f673fc6b0c5e97",
                "sha256:f177934d33c7b649dc99663642b1a33094af3447e00eb9a1e3eebd9b02ac2158",
                "sha256:f3da48aee9e0e5567a3bd23a5ee5cc9457fb60cf7af2ecb8b64317fedfc95231",
                "sha256:f64fdf846e42d77e0dd4dfb90b335f01b2b35aef470b81393c71ce0dd2781eab",
                "sha256:f9763c409a2aa111fc0f7bb8cda00e2e3bcbac64830f9f529753d635d1ee8d56",
                "sha256:fa6f798ae72572d35eddd3bed98c91d7c74b218d4ed6ce8d729639dcb7d063af",
                "sha256:fb586379ddb3418099fce5949fae1377ecc47139aa34c450d7018ff9a995aeb7",
                "sha256:fd817f2d213c6f1ee104f4805812c6e348984769f15404382ab885a9f2a9e56f",
                "sha256:fde3feff99b8d83708cd828efc0603e7d92e447bf01b30b72448e411645cc8e8"
            ],
            "markers": "python_version >= '3.8'",
            "version": "==0.8.11"
        },
        "sqlparse": {
            "hashes": [
                "sha256:5430a4fe2ac7d0f93e66f1efc6e1338a41884b7ddf2a350cedd20ccc4d9d28f3",
                "sha256:d446183e84b8349fa3061f0fe7f06ca94ba65b426946ffebe6e3e8295332420c"
            ],
            "markers": "python_version >= '3.5'",
            "version": "==0.4.4"
        },
        "typing-extensions": {
            "hashes": [
                "sha256:440d5dd3af93b060174bf433bccd69b0babc3b15b1a8dca43789fd7f61514b36",
                "sha256:b75ddc264f0ba5615db7ba217daeb99701ad295353c45f9e95963337ceeeffb2"
            ],
            "markers": "python_version < '3.11'",
            "version": "==4.7.1"
        },
        "uritemplate": {
            "hashes": [
                "sha256:4346edfc5c3b79f694bccd6d6099a322bbeb628dbf2cd86eea55a456ce5124f0",
                "sha256:830c08b8d99bdd312ea4ead05994a38e8936266f84b9a7878232db50b044e02e"
            ],
            "index": "pypi",
            "version": "==4.1.1"
        },
        "zipp": {
            "hashes": [
                "sha256:679e51dd4403591b2d6838a48de3d283f3d188412a9782faadf845f298736ba0",
                "sha256:ebc15946aa78bd63458992fc81ec3b6f7b1e92d51c35e6de1c3804e73b799147"
            ],
            "markers": "python_version < '3.10'",
            "version": "==3.16.2"
        }
    },
    "develop": {}
}
